
Microsoft Visual Studio Solution File, Format Version 12.00
Project("{FAE04EC0-301F-11D3-BF4B-00C04F79EFBC}") = "HotelBooking.Api", "HotelBooking.Api\HotelBooking.Api.csproj", "{C6203D09-731F-4CF1-ADFD-890C948EA2A3}"
EndProject
Project("{2150E333-8FDC-42A3-9474-1A3956D46DE8}") = "Tests", "Tests", "{C0995C9B-0F1E-487B-BBC6-4C89ECF7DD3A}"
EndProject
Project("{FAE04EC0-301F-11D3-BF4B-00C04F79EFBC}") = "Services.Tests", "Services.Tests\Services.Tests.csproj", "{F680B825-EA9A-4677-8F89-E1340EE9A8B3}"
EndProject
Global
	GlobalSection(SolutionConfigurationPlatforms) = preSolution
		Debug|Any CPU = Debug|Any CPU
		Release|Any CPU = Release|Any CPU
	EndGlobalSection
	GlobalSection(ProjectConfigurationPlatforms) = postSolution
		{C6203D09-731F-4CF1-ADFD-890C948EA2A3}.Debug|Any CPU.ActiveCfg = Debug|Any CPU
		{C6203D09-731F-4CF1-ADFD-890C948EA2A3}.Debug|Any CPU.Build.0 = Debug|Any CPU
		{C6203D09-731F-4CF1-ADFD-890C948EA2A3}.Release|Any CPU.ActiveCfg = Release|Any CPU
		{C6203D09-731F-4CF1-ADFD-890C948EA2A3}.Release|Any CPU.Build.0 = Release|Any CPU
		{F680B825-EA9A-4677-8F89-E1340EE9A8B3}.Debug|Any CPU.ActiveCfg = Debug|Any CPU
		{F680B825-EA9A-4677-8F89-E1340EE9A8B3}.Debug|Any CPU.Build.0 = Debug|Any CPU
		{F680B825-EA9A-4677-8F89-E1340EE9A8B3}.Release|Any CPU.ActiveCfg = Release|Any CPU
		{F680B825-EA9A-4677-8F89-E1340EE9A8B3}.Release|Any CPU.Build.0 = Release|Any CPU
	EndGlobalSection
	GlobalSection(NestedProjects) = preSolution
		{F680B825-EA9A-4677-8F89-E1340EE9A8B3} = {C0995C9B-0F1E-487B-BBC6-4C89ECF7DD3A}
	EndGlobalSection
EndGlobal
